// !$*UTF8*$!
{
	archiveVersion = 1;
	classes = {
	};
	objectVersion = 51;
	objects = {

/* Begin PBXBuildFile section */
		962A3C772298DF40005688F0 /* SignUpViewController.swift in Sources */ = {isa = PBXBuildFile; fileRef = 962A3C762298DF40005688F0 /* SignUpViewController.swift */; };
		962A3C792298E897005688F0 /* SobreViewController.swift in Sources */ = {isa = PBXBuildFile; fileRef = 962A3C782298E897005688F0 /* SobreViewController.swift */; };
		962A3C7B2299B4CE005688F0 /* SellerStoryboard.storyboard in Resources */ = {isa = PBXBuildFile; fileRef = 962A3C7A2299B4CE005688F0 /* SellerStoryboard.storyboard */; };
		962A3C9E2299C116005688F0 /* LogoutViewController.swift in Sources */ = {isa = PBXBuildFile; fileRef = 962A3C9D2299C116005688F0 /* LogoutViewController.swift */; };
		962A3CA02299D6DF005688F0 /* ProductsTableViewController.swift in Sources */ = {isa = PBXBuildFile; fileRef = 962A3C9F2299D6DF005688F0 /* ProductsTableViewController.swift */; };
		962A3CA22299D718005688F0 /* ProductAddViewController.swift in Sources */ = {isa = PBXBuildFile; fileRef = 962A3CA12299D718005688F0 /* ProductAddViewController.swift */; };
		963F857F2294456500244D6A /* AppDelegate.swift in Sources */ = {isa = PBXBuildFile; fileRef = 963F857E2294456500244D6A /* AppDelegate.swift */; };
		963F85812294456500244D6A /* ViewController.swift in Sources */ = {isa = PBXBuildFile; fileRef = 963F85802294456500244D6A /* ViewController.swift */; };
		963F85842294456500244D6A /* Main.storyboard in Resources */ = {isa = PBXBuildFile; fileRef = 963F85822294456500244D6A /* Main.storyboard */; };
		963F85872294456500244D6A /* hora_do_recreio.xcdatamodeld in Sources */ = {isa = PBXBuildFile; fileRef = 963F85852294456500244D6A /* hora_do_recreio.xcdatamodeld */; };
		963F858C2294456700244D6A /* LaunchScreen.storyboard in Resources */ = {isa = PBXBuildFile; fileRef = 963F858A2294456700244D6A /* LaunchScreen.storyboard */; };
		964030672296E00F00048752 /* Assets.xcassets in Resources */ = {isa = PBXBuildFile; fileRef = 964030662296E00F00048752 /* Assets.xcassets */; };
		96E3422822976DA500956CC2 /* GoogleService-Info.plist in Resources */ = {isa = PBXBuildFile; fileRef = 96E3422722976DA500956CC2 /* GoogleService-Info.plist */; };
		B39E4C922C05017C613FA7EE /* Pods_hora_do_recreio.framework in Frameworks */ = {isa = PBXBuildFile; fileRef = F4E8BEBFA8C541149B1CB006 /* Pods_hora_do_recreio.framework */; };
/* End PBXBuildFile section */

/* Begin PBXFileReference section */
		962A3C762298DF40005688F0 /* SignUpViewController.swift */ = {isa = PBXFileReference; lastKnownFileType = sourcecode.swift; path = SignUpViewController.swift; sourceTree = "<group>"; };
		962A3C782298E897005688F0 /* SobreViewController.swift */ = {isa = PBXFileReference; lastKnownFileType = sourcecode.swift; path = SobreViewController.swift; sourceTree = "<group>"; };
		962A3C7A2299B4CE005688F0 /* SellerStoryboard.storyboard */ = {isa = PBXFileReference; lastKnownFileType = file.storyboard; path = SellerStoryboard.storyboard; sourceTree = "<group>"; };
		962A3C9D2299C116005688F0 /* LogoutViewController.swift */ = {isa = PBXFileReference; lastKnownFileType = sourcecode.swift; path = LogoutViewController.swift; sourceTree = "<group>"; };
		962A3C9F2299D6DF005688F0 /* ProductsTableViewController.swift */ = {isa = PBXFileReference; lastKnownFileType = sourcecode.swift; path = ProductsTableViewController.swift; sourceTree = "<group>"; };
		962A3CA12299D718005688F0 /* ProductAddViewController.swift */ = {isa = PBXFileReference; lastKnownFileType = sourcecode.swift; path = ProductAddViewController.swift; sourceTree = "<group>"; };
		963F857B2294456500244D6A /* hora do recreio.app */ = {isa = PBXFileReference; explicitFileType = wrapper.application; includeInIndex = 0; path = "hora do recreio.app"; sourceTree = BUILT_PRODUCTS_DIR; };
		963F857E2294456500244D6A /* AppDelegate.swift */ = {isa = PBXFileReference; lastKnownFileType = sourcecode.swift; path = AppDelegate.swift; sourceTree = "<group>"; };
		963F85802294456500244D6A /* ViewController.swift */ = {isa = PBXFileReference; lastKnownFileType = sourcecode.swift; path = ViewController.swift; sourceTree = "<group>"; };
		963F85832294456500244D6A /* Base */ = {isa = PBXFileReference; lastKnownFileType = file.storyboard; name = Base; path = Base.lproj/Main.storyboard; sourceTree = "<group>"; };
		963F85862294456500244D6A /* hora_do_recreio.xcdatamodel */ = {isa = PBXFileReference; lastKnownFileType = wrapper.xcdatamodel; path = hora_do_recreio.xcdatamodel; sourceTree = "<group>"; };
		963F858B2294456700244D6A /* Base */ = {isa = PBXFileReference; lastKnownFileType = file.storyboard; name = Base; path = Base.lproj/LaunchScreen.storyboard; sourceTree = "<group>"; };
		963F858D2294456700244D6A /* Info.plist */ = {isa = PBXFileReference; lastKnownFileType = text.plist.xml; path = Info.plist; sourceTree = "<group>"; };
		964030662296E00F00048752 /* Assets.xcassets */ = {isa = PBXFileReference; lastKnownFileType = folder.assetcatalog; path = Assets.xcassets; sourceTree = "<group>"; };
		96E3422722976DA500956CC2 /* GoogleService-Info.plist */ = {isa = PBXFileReference; fileEncoding = 4; lastKnownFileType = text.plist.xml; path = "GoogleService-Info.plist"; sourceTree = "<group>"; };
		AF7DC48B80A1D0FC14A0D2E8 /* Pods-hora do recreio.debug.xcconfig */ = {isa = PBXFileReference; includeInIndex = 1; lastKnownFileType = text.xcconfig; name = "Pods-hora do recreio.debug.xcconfig"; path = "Target Support Files/Pods-hora do recreio/Pods-hora do recreio.debug.xcconfig"; sourceTree = "<group>"; };
		BB8B3BE81319A339230A3528 /* Pods-hora do recreio.release.xcconfig */ = {isa = PBXFileReference; includeInIndex = 1; lastKnownFileType = text.xcconfig; name = "Pods-hora do recreio.release.xcconfig"; path = "Target Support Files/Pods-hora do recreio/Pods-hora do recreio.release.xcconfig"; sourceTree = "<group>"; };
		F4E8BEBFA8C541149B1CB006 /* Pods_hora_do_recreio.framework */ = {isa = PBXFileReference; explicitFileType = wrapper.framework; includeInIndex = 0; path = Pods_hora_do_recreio.framework; sourceTree = BUILT_PRODUCTS_DIR; };
/* End PBXFileReference section */

/* Begin PBXFrameworksBuildPhase section */
		963F85782294456500244D6A /* Frameworks */ = {
			isa = PBXFrameworksBuildPhase;
			buildActionMask = 2147483647;
			files = (
				B39E4C922C05017C613FA7EE /* Pods_hora_do_recreio.framework in Frameworks */,
			);
			runOnlyForDeploymentPostprocessing = 0;
		};
/* End PBXFrameworksBuildPhase section */

/* Begin PBXGroup section */
		7233EABBA4F55FA9DB8C5C64 /* Pods */ = {
			isa = PBXGroup;
			children = (
				AF7DC48B80A1D0FC14A0D2E8 /* Pods-hora do recreio.debug.xcconfig */,
				BB8B3BE81319A339230A3528 /* Pods-hora do recreio.release.xcconfig */,
			);
			path = Pods;
			sourceTree = "<group>";
		};
		962A3C752298DE9E005688F0 /* Controllers */ = {
			isa = PBXGroup;
			children = (
				962A3C9C2299C0DD005688F0 /* Seller */,
				963F85802294456500244D6A /* ViewController.swift */,
				962A3C762298DF40005688F0 /* SignUpViewController.swift */,
				962A3C9D2299C116005688F0 /* LogoutViewController.swift */,
			);
			path = Controllers;
			sourceTree = "<group>";
		};
		962A3C9C2299C0DD005688F0 /* Seller */ = {
			isa = PBXGroup;
			children = (
				962A3C782298E897005688F0 /* SobreViewController.swift */,
				962A3C9F2299D6DF005688F0 /* ProductsTableViewController.swift */,
				962A3CA12299D718005688F0 /* ProductAddViewController.swift */,
			);
			path = Seller;
			sourceTree = "<group>";
		};
		963F85722294456400244D6A = {
			isa = PBXGroup;
			children = (
				963F857D2294456500244D6A /* hora do recreio */,
				963F857C2294456500244D6A /* Products */,
				7233EABBA4F55FA9DB8C5C64 /* Pods */,
				AB63BA51E3337903B4C396A4 /* Frameworks */,
			);
			sourceTree = "<group>";
		};
		963F857C2294456500244D6A /* Products */ = {
			isa = PBXGroup;
			children = (
				963F857B2294456500244D6A /* hora do recreio.app */,
			);
			name = Products;
			sourceTree = "<group>";
		};
		963F857D2294456500244D6A /* hora do recreio */ = {
			isa = PBXGroup;
			children = (
				962A3C752298DE9E005688F0 /* Controllers */,
				96E3422722976DA500956CC2 /* GoogleService-Info.plist */,
				964030662296E00F00048752 /* Assets.xcassets */,
				963F857E2294456500244D6A /* AppDelegate.swift */,
				963F858A2294456700244D6A /* LaunchScreen.storyboard */,
				963F85822294456500244D6A /* Main.storyboard */,
				962A3C7A2299B4CE005688F0 /* SellerStoryboard.storyboard */,
				963F858D2294456700244D6A /* Info.plist */,
				963F85852294456500244D6A /* hora_do_recreio.xcdatamodeld */,
			);
			path = "hora do recreio";
			sourceTree = "<group>";
		};
		AB63BA51E3337903B4C396A4 /* Frameworks */ = {
			isa = PBXGroup;
			children = (
				F4E8BEBFA8C541149B1CB006 /* Pods_hora_do_recreio.framework */,
			);
			name = Frameworks;
			sourceTree = "<group>";
		};
/* End PBXGroup section */

/* Begin PBXNativeTarget section */
		963F857A2294456500244D6A /* hora do recreio */ = {
			isa = PBXNativeTarget;
			buildConfigurationList = 963F85902294456700244D6A /* Build configuration list for PBXNativeTarget "hora do recreio" */;
			buildPhases = (
				6718F51EC7146653BE78506B /* [CP] Check Pods Manifest.lock */,
				963F85772294456500244D6A /* Sources */,
				963F85782294456500244D6A /* Frameworks */,
				963F85792294456500244D6A /* Resources */,
				0E25C83418208235BFA6CC5E /* [CP] Embed Pods Frameworks */,
			);
			buildRules = (
			);
			dependencies = (
			);
			name = "hora do recreio";
			productName = "hora do recreio";
			productReference = 963F857B2294456500244D6A /* hora do recreio.app */;
			productType = "com.apple.product-type.application";
		};
/* End PBXNativeTarget section */

/* Begin PBXProject section */
		963F85732294456400244D6A /* Project object */ = {
			isa = PBXProject;
			attributes = {
				LastSwiftUpdateCheck = 1010;
				LastUpgradeCheck = 1010;
				ORGANIZATIONNAME = "Douglas Matos";
				TargetAttributes = {
					963F857A2294456500244D6A = {
						CreatedOnToolsVersion = 10.1;
					};
				};
			};
			buildConfigurationList = 963F85762294456400244D6A /* Build configuration list for PBXProject "hora do recreio" */;
			compatibilityVersion = "Xcode 9.3";
			developmentRegion = en;
			hasScannedForEncodings = 0;
			knownRegions = (
				en,
				Base,
			);
			mainGroup = 963F85722294456400244D6A;
			productRefGroup = 963F857C2294456500244D6A /* Products */;
			projectDirPath = "";
			projectRoot = "";
			targets = (
				963F857A2294456500244D6A /* hora do recreio */,
			);
		};
/* End PBXProject section */

/* Begin PBXResourcesBuildPhase section */
		963F85792294456500244D6A /* Resources */ = {
			isa = PBXResourcesBuildPhase;
			buildActionMask = 2147483647;
			files = (
				963F858C2294456700244D6A /* LaunchScreen.storyboard in Resources */,
				96E3422822976DA500956CC2 /* GoogleService-Info.plist in Resources */,
				964030672296E00F00048752 /* Assets.xcassets in Resources */,
				962A3C7B2299B4CE005688F0 /* SellerStoryboard.storyboard in Resources */,
				963F85842294456500244D6A /* Main.storyboard in Resources */,
			);
			runOnlyForDeploymentPostprocessing = 0;
		};
/* End PBXResourcesBuildPhase section */

/* Begin PBXShellScriptBuildPhase section */
		0E25C83418208235BFA6CC5E /* [CP] Embed Pods Frameworks */ = {
			isa = PBXShellScriptBuildPhase;
			buildActionMask = 2147483647;
			files = (
			);
			inputFileListPaths = (
				"${PODS_ROOT}/Target Support Files/Pods-hora do recreio/Pods-hora do recreio-frameworks-${CONFIGURATION}-input-files.xcfilelist",
			);
			name = "[CP] Embed Pods Frameworks";
			outputFileListPaths = (
				"${PODS_ROOT}/Target Support Files/Pods-hora do recreio/Pods-hora do recreio-frameworks-${CONFIGURATION}-output-files.xcfilelist",
			);
			runOnlyForDeploymentPostprocessing = 0;
			shellPath = /bin/sh;
			shellScript = "\"${PODS_ROOT}/Target Support Files/Pods-hora do recreio/Pods-hora do recreio-frameworks.sh\"\n";
			showEnvVarsInLog = 0;
		};
		6718F51EC7146653BE78506B /* [CP] Check Pods Manifest.lock */ = {
			isa = PBXShellScriptBuildPhase;
			buildActionMask = 2147483647;
			files = (
			);
			inputFileListPaths = (
			);
			inputPaths = (
				"${PODS_PODFILE_DIR_PATH}/Podfile.lock",
				"${PODS_ROOT}/Manifest.lock",
			);
			name = "[CP] Check Pods Manifest.lock";
			outputFileListPaths = (
			);
			outputPaths = (
				"$(DERIVED_FILE_DIR)/Pods-hora do recreio-checkManifestLockResult.txt",
			);
			runOnlyForDeploymentPostprocessing = 0;
			shellPath = /bin/sh;
			shellScript = "diff \"${PODS_PODFILE_DIR_PATH}/Podfile.lock\" \"${PODS_ROOT}/Manifest.lock\" > /dev/null\nif [ $? != 0 ] ; then\n    # print error to STDERR\n    echo \"error: The sandbox is not in sync with the Podfile.lock. Run 'pod install' or update your CocoaPods installation.\" >&2\n    exit 1\nfi\n# This output is used by Xcode 'outputs' to avoid re-running this script phase.\necho \"SUCCESS\" > \"${SCRIPT_OUTPUT_FILE_0}\"\n";
			showEnvVarsInLog = 0;
		};
/* End PBXShellScriptBuildPhase section */

/* Begin PBXSourcesBuildPhase section */
		963F85772294456500244D6A /* Sources */ = {
			isa = PBXSourcesBuildPhase;
			buildActionMask = 2147483647;
			files = (
				962A3CA02299D6DF005688F0 /* ProductsTableViewController.swift in Sources */,
				963F85812294456500244D6A /* ViewController.swift in Sources */,
				962A3CA22299D718005688F0 /* ProductAddViewController.swift in Sources */,
				963F85872294456500244D6A /* hora_do_recreio.xcdatamodeld in Sources */,
				962A3C772298DF40005688F0 /* SignUpViewController.swift in Sources */,
				963F857F2294456500244D6A /* AppDelegate.swift in Sources */,
				962A3C9E2299C116005688F0 /* LogoutViewController.swift in Sources */,
				962A3C792298E897005688F0 /* SobreViewController.swift in Sources */,
			);
			runOnlyForDeploymentPostprocessing = 0;
		};
/* End PBXSourcesBuildPhase section */

/* Begin PBXVariantGroup section */
		963F85822294456500244D6A /* Main.storyboard */ = {
			isa = PBXVariantGroup;
			children = (
				963F85832294456500244D6A /* Base */,
			);
			name = Main.storyboard;
			sourceTree = "<group>";
		};
		963F858A2294456700244D6A /* LaunchScreen.storyboard */ = {
			isa = PBXVariantGroup;
			children = (
				963F858B2294456700244D6A /* Base */,
			);
			name = LaunchScreen.storyboard;
			sourceTree = "<group>";
		};
/* End PBXVariantGroup section */

/* Begin XCBuildConfiguration section */
		963F858E2294456700244D6A /* Debug */ = {
			isa = XCBuildConfiguration;
			buildSettings = {
				ALWAYS_SEARCH_USER_PATHS = NO;
				CLANG_ANALYZER_NONNULL = YES;
				CLANG_ANALYZER_NUMBER_OBJECT_CONVERSION = YES_AGGRESSIVE;
				CLANG_CXX_LANGUAGE_STANDARD = "gnu++14";
				CLANG_CXX_LIBRARY = "libc++";
				CLANG_ENABLE_MODULES = YES;
				CLANG_ENABLE_OBJC_ARC = YES;
				CLANG_ENABLE_OBJC_WEAK = YES;
				CLANG_WARN_BLOCK_CAPTURE_AUTORELEASING = YES;
				CLANG_WARN_BOOL_CONVERSION = YES;
				CLANG_WARN_COMMA = YES;
				CLANG_WARN_CONSTANT_CONVERSION = YES;
				CLANG_WARN_DEPRECATED_OBJC_IMPLEMENTATIONS = YES;
				CLANG_WARN_DIRECT_OBJC_ISA_USAGE = YES_ERROR;
				CLANG_WARN_DOCUMENTATION_COMMENTS = YES;
				CLANG_WARN_EMPTY_BODY = YES;
				CLANG_WARN_ENUM_CONVERSION = YES;
				CLANG_WARN_INFINITE_RECURSION = YES;
				CLANG_WARN_INT_CONVERSION = YES;
				CLANG_WARN_NON_LITERAL_NULL_CONVERSION = YES;
				CLANG_WARN_OBJC_IMPLICIT_RETAIN_SELF = YES;
				CLANG_WARN_OBJC_LITERAL_CONVERSION = YES;
				CLANG_WARN_OBJC_ROOT_CLASS = YES_ERROR;
				CLANG_WARN_RANGE_LOOP_ANALYSIS = YES;
				CLANG_WARN_STRICT_PROTOTYPES = YES;
				CLANG_WARN_SUSPICIOUS_MOVE = YES;
				CLANG_WARN_UNGUARDED_AVAILABILITY = YES_AGGRESSIVE;
				CLANG_WARN_UNREACHABLE_CODE = YES;
				CLANG_WARN__DUPLICATE_METHOD_MATCH = YES;
				CODE_SIGN_IDENTITY = "iPhone Developer";
				COPY_PHASE_STRIP = NO;
				DEBUG_INFORMATION_FORMAT = dwarf;
				ENABLE_STRICT_OBJC_MSGSEND = YES;
				ENABLE_TESTABILITY = YES;
				GCC_C_LANGUAGE_STANDARD = gnu11;
				GCC_DYNAMIC_NO_PIC = NO;
				GCC_NO_COMMON_BLOCKS = YES;
				GCC_OPTIMIZATION_LEVEL = 0;
				GCC_PREPROCESSOR_DEFINITIONS = (
					"DEBUG=1",
					"$(inherited)",
				);
				GCC_WARN_64_TO_32_BIT_CONVERSION = YES;
				GCC_WARN_ABOUT_RETURN_TYPE = YES_ERROR;
				GCC_WARN_UNDECLARED_SELECTOR = YES;
				GCC_WARN_UNINITIALIZED_AUTOS = YES_AGGRESSIVE;
				GCC_WARN_UNUSED_FUNCTION = YES;
				GCC_WARN_UNUSED_VARIABLE = YES;
				IPHONEOS_DEPLOYMENT_TARGET = 12.1;
				MTL_ENABLE_DEBUG_INFO = INCLUDE_SOURCE;
				MTL_FAST_MATH = YES;
				ONLY_ACTIVE_ARCH = YES;
				SDKROOT = iphoneos;
				SWIFT_ACTIVE_COMPILATION_CONDITIONS = DEBUG;
				SWIFT_OPTIMIZATION_LEVEL = "-Onone";
			};
			name = Debug;
		};
		963F858F2294456700244D6A /* Release */ = {
			isa = XCBuildConfiguration;
			buildSettings = {
				ALWAYS_SEARCH_USER_PATHS = NO;
				CLANG_ANALYZER_NONNULL = YES;
				CLANG_ANALYZER_NUMBER_OBJECT_CONVERSION = YES_AGGRESSIVE;
				CLANG_CXX_LANGUAGE_STANDARD = "gnu++14";
				CLANG_CXX_LIBRARY = "libc++";
				CLANG_ENABLE_MODULES = YES;
				CLANG_ENABLE_OBJC_ARC = YES;
				CLANG_ENABLE_OBJC_WEAK = YES;
				CLANG_WARN_BLOCK_CAPTURE_AUTORELEASING = YES;
				CLANG_WARN_BOOL_CONVERSION = YES;
				CLANG_WARN_COMMA = YES;
				CLANG_WARN_CONSTANT_CONVERSION = YES;
				CLANG_WARN_DEPRECATED_OBJC_IMPLEMENTATIONS = YES;
				CLANG_WARN_DIRECT_OBJC_ISA_USAGE = YES_ERROR;
				CLANG_WARN_DOCUMENTATION_COMMENTS = YES;
				CLANG_WARN_EMPTY_BODY = YES;
				CLANG_WARN_ENUM_CONVERSION = YES;
				CLANG_WARN_INFINITE_RECURSION = YES;
				CLANG_WARN_INT_CONVERSION = YES;
				CLANG_WARN_NON_LITERAL_NULL_CONVERSION = YES;
				CLANG_WARN_OBJC_IMPLICIT_RETAIN_SELF = YES;
				CLANG_WARN_OBJC_LITERAL_CONVERSION = YES;
				CLANG_WARN_OBJC_ROOT_CLASS = YES_ERROR;
				CLANG_WARN_RANGE_LOOP_ANALYSIS = YES;
				CLANG_WARN_STRICT_PROTOTYPES = YES;
				CLANG_WARN_SUSPICIOUS_MOVE = YES;
				CLANG_WARN_UNGUARDED_AVAILABILITY = YES_AGGRESSIVE;
				CLANG_WARN_UNREACHABLE_CODE = YES;
				CLANG_WARN__DUPLICATE_METHOD_MATCH = YES;
				CODE_SIGN_IDENTITY = "iPhone Developer";
				COPY_PHASE_STRIP = NO;
				DEBUG_INFORMATION_FORMAT = "dwarf-with-dsym";
				ENABLE_NS_ASSERTIONS = NO;
				ENABLE_STRICT_OBJC_MSGSEND = YES;
				GCC_C_LANGUAGE_STANDARD = gnu11;
				GCC_NO_COMMON_BLOCKS = YES;
				GCC_WARN_64_TO_32_BIT_CONVERSION = YES;
				GCC_WARN_ABOUT_RETURN_TYPE = YES_ERROR;
				GCC_WARN_UNDECLARED_SELECTOR = YES;
				GCC_WARN_UNINITIALIZED_AUTOS = YES_AGGRESSIVE;
				GCC_WARN_UNUSED_FUNCTION = YES;
				GCC_WARN_UNUSED_VARIABLE = YES;
				IPHONEOS_DEPLOYMENT_TARGET = 12.1;
				MTL_ENABLE_DEBUG_INFO = NO;
				MTL_FAST_MATH = YES;
				SDKROOT = iphoneos;
				SWIFT_COMPILATION_MODE = wholemodule;
				SWIFT_OPTIMIZATION_LEVEL = "-O";
				VALIDATE_PRODUCT = YES;
			};
			name = Release;
		};
		963F85912294456700244D6A /* Debug */ = {
			isa = XCBuildConfiguration;
			baseConfigurationReference = AF7DC48B80A1D0FC14A0D2E8 /* Pods-hora do recreio.debug.xcconfig */;
			buildSettings = {
				ASSETCATALOG_COMPILER_APPICON_NAME = AppIcon;
				ASSETCATALOG_COMPILER_LAUNCHIMAGE_NAME = LaunchImage;
				CODE_SIGN_STYLE = Automatic;
				DEVELOPMENT_TEAM = YN8Y8K7958;
				INFOPLIST_FILE = "hora do recreio/Info.plist";
				LD_RUNPATH_SEARCH_PATHS = (
					"$(inherited)",
					"@executable_path/Frameworks",
				);
				PRODUCT_BUNDLE_IDENTIFIER = "br.com.bitsme.hora-do-recreio";
				PRODUCT_NAME = "$(TARGET_NAME)";
				SWIFT_VERSION = 4.2;
				TARGETED_DEVICE_FAMILY = "1,2";
			};
			name = Debug;
		};
		963F85922294456700244D6A /* Release */ = {
			isa = XCBuildConfiguration;
			baseConfigurationReference = BB8B3BE81319A339230A3528 /* Pods-hora do recreio.release.xcconfig */;
			buildSettings = {
				ASSETCATALOG_COMPILER_APPICON_NAME = AppIcon;
				ASSETCATALOG_COMPILER_LAUNCHIMAGE_NAME = LaunchImage;
				CODE_SIGN_STYLE = Automatic;
				DEVELOPMENT_TEAM = YN8Y8K7958;
				INFOPLIST_FILE = "hora do recreio/Info.plist";
				LD_RUNPATH_SEARCH_PATHS = (
					"$(inherited)",
					"@executable_path/Frameworks",
				);
				PRODUCT_BUNDLE_IDENTIFIER = "br.com.bitsme.hora-do-recreio";
				PRODUCT_NAME = "$(TARGET_NAME)";
				SWIFT_VERSION = 4.2;
				TARGETED_DEVICE_FAMILY = "1,2";
			};
			name = Release;
		};
/* End XCBuildConfiguration section */

/* Begin XCConfigurationList section */
		963F85762294456400244D6A /* Build configuration list for PBXProject "hora do recreio" */ = {
			isa = XCConfigurationList;
			buildConfigurations = (
				963F858E2294456700244D6A /* Debug */,
				963F858F2294456700244D6A /* Release */,
			);
			defaultConfigurationIsVisible = 0;
			defaultConfigurationName = Release;
		};
		963F85902294456700244D6A /* Build configuration list for PBXNativeTarget "hora do recreio" */ = {
			isa = XCConfigurationList;
			buildConfigurations = (
				963F85912294456700244D6A /* Debug */,
				963F85922294456700244D6A /* Release */,
			);
			defaultConfigurationIsVisible = 0;
			defaultConfigurationName = Release;
		};
/* End XCConfigurationList section */

/* Begin XCVersionGroup section */
		963F85852294456500244D6A /* hora_do_recreio.xcdatamodeld */ = {
			isa = XCVersionGroup;
			children = (
				963F85862294456500244D6A /* hora_do_recreio.xcdatamodel */,
			);
			currentVersion = 963F85862294456500244D6A /* hora_do_recreio.xcdatamodel */;
			path = hora_do_recreio.xcdatamodeld;
			sourceTree = "<group>";
			versionGroupType = wrapper.xcdatamodel;
		};
/* End XCVersionGroup section */
	};
	rootObject = 963F85732294456400244D6A /* Project object */;
}
